
Microsoft Visual Studio Solution File, Format Version 12.00
# Visual Studio Version 16
VisualStudioVersion = 16.0.33214.272
MinimumVisualStudioVersion = 10.0.40219.1
Project("{FAE04EC0-301F-11D3-BF4B-00C04F79EFBC}") = "PruebaTecnicaCelsia", "PruebaTecnicaCelsia\PruebaTecnicaCelsia.csproj", "{B6B88CEE-1D5F-4FD2-9E9E-6AF3FD4F5D09}"
EndProject
Global
	GlobalSection(SolutionConfigurationPlatforms) = preSolution
		Debug|Any CPU = Debug|Any CPU
		Release|Any CPU = Release|Any CPU
	EndGlobalSection
	GlobalSection(ProjectConfigurationPlatforms) = postSolution
		{B6B88CEE-1D5F-4FD2-9E9E-6AF3FD4F5D09}.Debug|Any CPU.ActiveCfg = Debug|Any CPU
		{B6B88CEE-1D5F-4FD2-9E9E-6AF3FD4F5D09}.Debug|Any CPU.Build.0 = Debug|Any CPU
		{B6B88CEE-1D5F-4FD2-9E9E-6AF3FD4F5D09}.Release|Any CPU.ActiveCfg = Release|Any CPU
		{B6B88CEE-1D5F-4FD2-9E9E-6AF3FD4F5D09}.Release|Any CPU.Build.0 = Release|Any CPU
	EndGlobalSection
	GlobalSection(SolutionProperties) = preSolution
		HideSolutionNode = FALSE
	EndGlobalSection
	GlobalSection(ExtensibilityGlobals) = postSolution
		SolutionGuid = {2B4A3724-0B41-467C-9B19-1989A0EBD68C}
	EndGlobalSection
EndGlobal
